# This file is automatically @generated by Cargo.
# It is not intended for manual editing.
version = 4

[[package]]
name = "bitflags"
version = "2.13.0"
source = "registry+https://github.com/rust-lang/crates.io-index"
checksum = "b4388bee8683e3d04af747c73422af53102d2bd24d9eadb6cbc100baef4b43f8"

[[package]]
name = "engine-browse-probe"
version = "0.1.0"
dependencies = [
 "wit-bindgen-rt",
]

[[package]]
name = "wit-bindgen-rt"
version = "0.41.0"
source = "registry+https://github.com/rust-lang/crates.io-index"
checksum = "c4db52a11d4dfb0a59f194c064055794ee6564eb1ced88c25da2cf76e50c5621"
dependencies = [
 "bitflags",
]
