# Pinned WASM toolchain — `<asset-name> <sha256>`, verified by provision-tools.sh.
# Bump a version: change it in provision-tools.sh, re-download the new assets, and
# replace the sha lines here. Covers {macos,linux} x {arm,x86_64}.
#
# javy 8.1.1 (bytecodealliance/javy)
javy-arm-macos-v8.1.1.gz 0ae154f026371aae1e82fb39381fd58e67ca6b2a2985fbce51d305b138dad59f
javy-x86_64-macos-v8.1.1.gz d5dea62b8a4b5dfe740405adcdbbe21852b3abd90dba682517886e0df10b3032
javy-arm-linux-v8.1.1.gz c160127f4f41000216790e24bcfda860c51b0c5cc12808eb3691a0de88faa53a
javy-x86_64-linux-v8.1.1.gz 4bec224e1d51827808fd063541a2b4d94cf474744636b692be63e7a29bec83a6
# wasm-tools 1.251.0 (bytecodealliance/wasm-tools)
wasm-tools-1.251.0-aarch64-macos.tar.gz ed0fdbdaa80a5c7ef434ac583e1d8df0b8e45d718b08edf28ec27a74e4029897
wasm-tools-1.251.0-x86_64-macos.tar.gz a0684bfeb104450bec824b9364bbc16aa8a5e6dfe7319024d0990b0d96bc8904
wasm-tools-1.251.0-aarch64-linux.tar.gz 9d5cbab8810ffa43b1ad4c57efdd0092c5be6e905d3bd330d7daba5ad7aaa31d
wasm-tools-1.251.0-x86_64-linux.tar.gz 08d523676ec71d9afbae05aa4255041ce91bf2d325d87b7e722d190d558be689
# wac 0.10.0 (bytecodealliance/wac)
wac-cli-aarch64-apple-darwin 9d43303d46c1261f807e65d4d92da8b1582bb2d166c4d66a7c091ff8d10d5f08
wac-cli-x86_64-apple-darwin c97d8d9c1aca901823d309bed16ca09b51ee197f5631a07c6c6e90681f366f63
wac-cli-aarch64-unknown-linux-musl e9ed0b2ffdf5434b527b0203eb026946798dfba4d389a49a4faee017ff159a31
wac-cli-x86_64-unknown-linux-musl ae5fd306d30beab87a25cd69dc1fa3065e720343456cd872b727eda847813f7f
# wasi adapter — wasmtime 45.0.1 (platform-independent wasm)
wasi_snapshot_preview1.command.wasm 9dcd23d56dc521ac884a9d1c17edb9a003e5edd646fff483e08f8a81ff035543
