version = 1
revision = 3
requires-python = ">=3.11"

[[package]]
name = "adalign-crawler"
version = "0.0.0"
source = { editable = "." }
dependencies = [
    { name = "anyio" },
    { name = "httpx" },
    { name = "selectolax" },
]

[package.metadata]
requires-dist = [
    { name = "anyio", specifier = ">=4.0" },
    { name = "httpx", specifier = ">=0.27" },
    { name = "selectolax", specifier = ">=0.3.20" },
]

[[package]]
name = "anyio"
version = "4.13.0"
source = { registry = "https://pypi.org/simple" }
dependencies = [
    { name = "idna" },
    { name = "typing-extensions", marker = "python_full_version < '3.13'" },
]
sdist = { url = "https://files.pythonhosted.org/packages/19/14/2c5dd9f512b66549ae92767a9c7b330ae88e1932ca57876909410251fe13/anyio-4.13.0.tar.gz", hash = "sha256:334b70e641fd2221c1505b3890c69882fe4a2df910cba14d97019b90b24439dc", size = 231622, upload-time = "2026-03-24T12:59:09.671Z" }
wheels = [
    { url = "https://files.pythonhosted.org/packages/da/42/e921fccf5015463e32a3cf6ee7f980a6ed0f395ceeaa45060b61d86486c2/anyio-4.13.0-py3-none-any.whl", hash = "sha256:08b310f9e24a9594186fd75b4f73f4a4152069e3853f1ed8bfbf58369f4ad708", size = 114353, upload-time = "2026-03-24T12:59:08.246Z" },
]

[[package]]
name = "certifi"
version = "2026.4.22"
source = { registry = "https://pypi.org/simple" }
sdist = { url = "https://files.pythonhosted.org/packages/25/ee/6caf7a40c36a1220410afe15a1cc64993a1f864871f698c0f93acb72842a/certifi-2026.4.22.tar.gz", hash = "sha256:8d455352a37b71bf76a79caa83a3d6c25afee4a385d632127b6afb3963f1c580", size = 137077, upload-time = "2026-04-22T11:26:11.191Z" }
wheels = [
    { url = "https://files.pythonhosted.org/packages/22/30/7cd8fdcdfbc5b869528b079bfb76dcdf6056b1a2097a662e5e8c04f42965/certifi-2026.4.22-py3-none-any.whl", hash = "sha256:3cb2210c8f88ba2318d29b0388d1023c8492ff72ecdde4ebdaddbb13a31b1c4a", size = 135707, upload-time = "2026-04-22T11:26:09.372Z" },
]

[[package]]
name = "h11"
version = "0.16.0"
source = { registry = "https://pypi.org/simple" }
sdist = { url = "https://files.pythonhosted.org/packages/01/ee/02a2c011bdab74c6fb3c75474d40b3052059d95df7e73351460c8588d963/h11-0.16.0.tar.gz", hash = "sha256:4e35b956cf45792e4caa5885e69fba00bdbc6ffafbfa020300e549b208ee5ff1", size = 101250, upload-time = "2025-04-24T03:35:25.427Z" }
wheels = [
    { url = "https://files.pythonhosted.org/packages/04/4b/29cac41a4d98d144bf5f6d33995617b185d14b22401f75ca86f384e87ff1/h11-0.16.0-py3-none-any.whl", hash = "sha256:63cf8bbe7522de3bf65932fda1d9c2772064ffb3dae62d55932da54b31cb6c86", size = 37515, upload-time = "2025-04-24T03:35:24.344Z" },
]

[[package]]
name = "httpcore"
version = "1.0.9"
source = { registry = "https://pypi.org/simple" }
dependencies = [
    { name = "certifi" },
    { name = "h11" },
]
sdist = { url = "https://files.pythonhosted.org/packages/06/94/82699a10bca87a5556c9c59b5963f2d039dbd239f25bc2a63907a05a14cb/httpcore-1.0.9.tar.gz", hash = "sha256:6e34463af53fd2ab5d807f399a9b45ea31c3dfa2276f15a2c3f00afff6e176e8", size = 85484, upload-time = "2025-04-24T22:06:22.219Z" }
wheels = [
    { url = "https://files.pythonhosted.org/packages/7e/f5/f66802a942d491edb555dd61e3a9961140fd64c90bce1eafd741609d334d/httpcore-1.0.9-py3-none-any.whl", hash = "sha256:2d400746a40668fc9dec9810239072b40b4484b640a8c38fd654a024c7a1bf55", size = 78784, upload-time = "2025-04-24T22:06:20.566Z" },
]

[[package]]
name = "httpx"
version = "0.28.1"
source = { registry = "https://pypi.org/simple" }
dependencies = [
    { name = "anyio" },
    { name = "certifi" },
    { name = "httpcore" },
    { name = "idna" },
]
sdist = { url = "https://files.pythonhosted.org/packages/b1/df/48c586a5fe32a0f01324ee087459e112ebb7224f646c0b5023f5e79e9956/httpx-0.28.1.tar.gz", hash = "sha256:75e98c5f16b0f35b567856f597f06ff2270a374470a5c2392242528e3e3e42fc", size = 141406, upload-time = "2024-12-06T15:37:23.222Z" }
wheels = [
    { url = "https://files.pythonhosted.org/packages/2a/39/e50c7c3a983047577ee07d2a9e53faf5a69493943ec3f6a384bdc792deb2/httpx-0.28.1-py3-none-any.whl", hash = "sha256:d909fcccc110f8c7faf814ca82a9a4d816bc5a6dbfea25d6591d6985b8ba59ad", size = 73517, upload-time = "2024-12-06T15:37:21.509Z" },
]

[[package]]
name = "idna"
version = "3.15"
source = { registry = "https://pypi.org/simple" }
sdist = { url = "https://files.pythonhosted.org/packages/82/77/7b3966d0b9d1d31a36ddf1746926a11dface89a83409bf1483f0237aa758/idna-3.15.tar.gz", hash = "sha256:ca962446ea538f7092a95e057da437618e886f4d349216d2b1e294abfdb65fdc", size = 199245, upload-time = "2026-05-12T22:45:57.011Z" }
wheels = [
    { url = "https://files.pythonhosted.org/packages/d2/23/408243171aa9aaba178d3e2559159c24c1171a641aa83b67bdd3394ead8e/idna-3.15-py3-none-any.whl", hash = "sha256:048adeaf8c2d788c40fee287673ccaa74c24ffd8dcf09ffa555a2fbb59f10ac8", size = 72340, upload-time = "2026-05-12T22:45:55.733Z" },
]

[[package]]
name = "selectolax"
version = "0.4.9"
source = { registry = "https://pypi.org/simple" }
sdist = { url = "https://files.pythonhosted.org/packages/f8/46/b2956203e943c6417ff7da9ad9bcb5860d60372de6e05934af1b3f0a4950/selectolax-0.4.9.tar.gz", hash = "sha256:15c3de54f75d0d13726fee140bbfec8805050a3d34d298f2e9c05c9da1b87e7a", size = 4879844, upload-time = "2026-05-15T08:59:12.802Z" }
wheels = [
    { url = "https://files.pythonhosted.org/packages/13/10/cd0804678dddd218c061b6820325a8cd288a13d55db7c04c59cdc8c4c8d9/selectolax-0.4.9-cp311-cp311-macosx_10_9_x86_64.whl", hash = "sha256:aafcee3e53ee3cd7800826e26ba2af3e68370e6a1bd4c223fab27916623cc106", size = 2215675, upload-time = "2026-05-15T08:57:40.384Z" },
    { url = "https://files.pythonhosted.org/packages/d1/b0/bf89a8a737a38b41471e0bb52c630ef97c2d1fc889781463b735751411d3/selectolax-0.4.9-cp311-cp311-macosx_11_0_arm64.whl", hash = "sha256:d7d988d66a64153edd8db347ae55cb4e52a6157206c66c7f27c65046ad0f2b2d", size = 2269785, upload-time = "2026-05-15T08:57:41.821Z" },
    { url = "https://files.pythonhosted.org/packages/49/a3/099895b5bc98ceaab564f6d3a799dd796290bb30ec846917055e9262a716/selectolax-0.4.9-cp311-cp311-manylinux2014_aarch64.manylinux_2_17_aarch64.manylinux_2_28_aarch64.whl", hash = "sha256:d5bbdd6cc28ae3279b4114b166447e83ecd8fc5aa397ca422645b654f25aff82", size = 2347279, upload-time = "2026-05-15T08:57:43.32Z" },
    { url = "https://files.pythonhosted.org/packages/47/19/4115633e4ee916333eb7f16a611f7b18c69f818ecd3463a3adfb570922a0/selectolax-0.4.9-cp311-cp311-manylinux2014_x86_64.manylinux_2_17_x86_64.manylinux_2_28_x86_64.whl", hash = "sha256:d8ac4485bb49a0131bb8f612c3a04653184c2e304d4c4751ae0764439f3b6b76", size = 2399117, upload-time = "2026-05-15T08:57:45.274Z" },
    { url = "https://files.pythonhosted.org/packages/e4/c9/b48baffe1224d48e0410ac7078f4af04f4d9082b8c7d4f3fb693e165e474/selectolax-0.4.9-cp311-cp311-musllinux_1_2_aarch64.whl", hash = "sha256:e3a42930b3eb3088d4ab11db698d3fa3a06c39b2a2d389652c12ecbda2586f89", size = 2352320, upload-time = "2026-05-15T08:57:47.11Z" },
    { url = "https://files.pythonhosted.org/packages/df/d3/56fbc22ba7777f5f26eb3bbacaab5b5c6fbfcd03a530fd7c372652957f78/selectolax-0.4.9-cp311-cp311-musllinux_1_2_x86_64.whl", hash = "sha256:c77f364e05d8bcf7a89cf57f6414cb0261f968cf60395b381f20ecce01bf8546", size = 2409385, upload-time = "2026-05-15T08:57:48.618Z" },
    { url = "https://files.pythonhosted.org/packages/30/f9/3b29a9486aae0100a2184e756f4f215790ca0d8eac8057494e17d8bec43c/selectolax-0.4.9-cp311-cp311-win32.whl", hash = "sha256:c964592aee0cf73423718cfb4fdbfe99ea7b28f13589f2bfc0e0d45683e0a0bc", size = 1768203, upload-time = "2026-05-15T08:57:50.442Z" },
    { url = "https://files.pythonhosted.org/packages/0b/be/c0260cfdf71e4bff267c6b49d6e1e4550b48761ef6223d9d6de038e77b65/selectolax-0.4.9-cp311-cp311-win_amd64.whl", hash = "sha256:582d74f84ba02c756ed09a75b918a7dffbfec3683c082e7c7361d44aa7cd9f8f", size = 1865204, upload-time = "2026-05-15T08:57:52.272Z" },
    { url = "https://files.pythonhosted.org/packages/ac/53/188fede267d164ac066961ffc2f5961063c3aebae20f4abb0ccbd4da3f92/selectolax-0.4.9-cp311-cp311-win_arm64.whl", hash = "sha256:690bca07294e3bc635f44855d2d3a13ffe7085b72b9b4bed5016edfdad291f35", size = 1815940, upload-time = "2026-05-15T08:57:54.104Z" },
    { url = "https://files.pythonhosted.org/packages/f7/a9/ef84d5879bdc25ee830e57d030b559bc9e86e9d8f25f6c315511a39c5a67/selectolax-0.4.9-cp312-cp312-macosx_10_13_x86_64.whl", hash = "sha256:1ee28b8f1326e3504a055a8f8a894e1180f5d3522f61391670c8b2d5e768cbc2", size = 2241162, upload-time = "2026-05-15T08:57:55.593Z" },
    { url = "https://files.pythonhosted.org/packages/40/1d/22554d2ba0d818ba07402dbab9561ff3b438fb8272727e7dfd21e6cad926/selectolax-0.4.9-cp312-cp312-macosx_11_0_arm64.whl", hash = "sha256:668e243607d8bc2d130283506333f63b65bfba83bb32a59cf89f634031f02e0d", size = 2292306, upload-time = "2026-05-15T08:57:57.838Z" },
    { url = "https://files.pythonhosted.org/packages/83/5c/8ef75e1ee59df6f640f79fcf7abc2df012a67587ce0890e5be96e06276ca/selectolax-0.4.9-cp312-cp312-manylinux2014_aarch64.manylinux_2_17_aarch64.manylinux_2_28_aarch64.whl", hash = "sha256:9451274ccdb46f691f90538e2ede26e67d20f1ab17aa25083db4983208451609", size = 2374496, upload-time = "2026-05-15T08:57:59.69Z" },
    { url = "https://files.pythonhosted.org/packages/7c/f2/bd9e07a8e51b8f4ddcfe4b2f6bbd7100d763d784910eebe15e48bfa813db/selectolax-0.4.9-cp312-cp312-manylinux2014_x86_64.manylinux_2_17_x86_64.manylinux_2_28_x86_64.whl", hash = "sha256:4c37ae18495338320064920144185e3a434d780ddc8654a44f2c611b2e1aa291", size = 2421157, upload-time = "2026-05-15T08:58:01.695Z" },
    { url = "https://files.pythonhosted.org/packages/ba/db/8c715ef0e58cf7a38cd91610a45c19cdb78314584881eaf1499198f69095/selectolax-0.4.9-cp312-cp312-musllinux_1_2_aarch64.whl", hash = "sha256:77fd2ab190a5a13ce1c3f616538f325bd0f51760c924c3244f27897d23f0817a", size = 2378875, upload-time = "2026-05-15T08:58:03.711Z" },
    { url = "https://files.pythonhosted.org/packages/7e/f9/55ac766dcf574e5f590fc0774486f7bd52e6e5c08c364f08cc18626533c1/selectolax-0.4.9-cp312-cp312-musllinux_1_2_x86_64.whl", hash = "sha256:428bbfc0375607dc07ef9086ff6c7fb8e6af051876409e3fcac7d8c856b0fa91", size = 2441299, upload-time = "2026-05-15T08:58:05.288Z" },
    { url = "https://files.pythonhosted.org/packages/c8/06/d8d1a0bfb17ec697904bd33be72d9d29e322359f167aaf111e3ce9026131/selectolax-0.4.9-cp312-cp312-win32.whl", hash = "sha256:7d1afdd14451d7a0d9e095e28df2af11ea2066821170aaca1d7db0e56a44f5dc", size = 1763258, upload-time = "2026-05-15T08:58:06.935Z" },
    { url = "https://files.pythonhosted.org/packages/1c/f5/0727cae946c6dc387f683357c3a48e3f39443f3f0b076513eb4bc4766d3f/selectolax-0.4.9-cp312-cp312-win_amd64.whl", hash = "sha256:592bba3ea66658b2080a6978839887eb1a890d8244441f64b9baf0ca74ed7918", size = 1859646, upload-time = "2026-05-15T08:58:08.417Z" },
    { url = "https://files.pythonhosted.org/packages/82/ab/f6995eedda5f3b591d57ab1cf964de0dca01cf77e11ce8433ca9bafc11bd/selectolax-0.4.9-cp312-cp312-win_arm64.whl", hash = "sha256:9ececc7acdb4d16d217d83a55c41e0f4f74fb0e74858005a542e7bd88090aa0d", size = 1809708, upload-time = "2026-05-15T08:58:09.908Z" },
    { url = "https://files.pythonhosted.org/packages/b3/aa/cf3ef1ae4f9a53f53a0add5dcf7c5b241f56f9a778feb7c13cf65e73331b/selectolax-0.4.9-cp313-cp313-macosx_10_13_x86_64.whl", hash = "sha256:b1ca6686d0199ca3ef2c919421116d9d34f56964e2162a0d8757a4e9a7bdfb4a", size = 2240742, upload-time = "2026-05-15T08:58:11.596Z" },
    { url = "https://files.pythonhosted.org/packages/da/81/16ff9754e720769fe3f723baee9e207b2f7b7cf2612d509a9ae84b357ec5/selectolax-0.4.9-cp313-cp313-macosx_11_0_arm64.whl", hash = "sha256:0f49b7391544f60cc891587bcc504daed4995be2b02af9c6e3054a564a1b25d0", size = 2291271, upload-time = "2026-05-15T08:58:13.057Z" },
    { url = "https://files.pythonhosted.org/packages/fc/c0/b9dd13726bb13a6d439c1fef14d70345da9d15155f058edf9bb124952cd2/selectolax-0.4.9-cp313-cp313-manylinux2014_aarch64.manylinux_2_17_aarch64.manylinux_2_28_aarch64.whl", hash = "sha256:6833df2a2f74cd89872a2915f5ba6b9e56e4bed31c0b3e26b593ca086f10d298", size = 2373955, upload-time = "2026-05-15T08:58:14.983Z" },
    { url = "https://files.pythonhosted.org/packages/e5/d6/aad9d222d2599bad16f1ee936ccddec3e5e8299a140ea56af2359ed72631/selectolax-0.4.9-cp313-cp313-manylinux2014_x86_64.manylinux_2_17_x86_64.manylinux_2_28_x86_64.whl", hash = "sha256:010ff30cc2266074801d92fa717a3c333cc1cf9c98b699a46fc649a9707acc69", size = 2420661, upload-time = "2026-05-15T08:58:16.437Z" },
    { url = "https://files.pythonhosted.org/packages/50/cc/07b6190d0b20627880c612450d1211ff22cfc9ad1e845882846b0f97be97/selectolax-0.4.9-cp313-cp313-musllinux_1_2_aarch64.whl", hash = "sha256:395261e997f0d1d9d0232cf9ba7d69f46229e027ad7eb3ad0afba57c8eec7413", size = 2378677, upload-time = "2026-05-15T08:58:18.221Z" },
    { url = "https://files.pythonhosted.org/packages/de/70/a2592179765f948146952fbea67ccf9b8e32f125847bf30632b0a8574af5/selectolax-0.4.9-cp313-cp313-musllinux_1_2_x86_64.whl", hash = "sha256:19ee1f7de842be9dcdae7c7d27b01c91a0a717a06b136984234bc5b3048fc3d4", size = 2440935, upload-time = "2026-05-15T08:58:20.129Z" },
    { url = "https://files.pythonhosted.org/packages/01/76/4d8ceecdb2265ec3a2e64bef83e8a2d96b7c8d9b3505dc504b02be64c684/selectolax-0.4.9-cp313-cp313-win32.whl", hash = "sha256:2cd98512c3de597a6b5db9bd90d10b35244c4ba7b99c1149874111f453ae82d2", size = 1763205, upload-time = "2026-05-15T08:58:21.663Z" },
    { url = "https://files.pythonhosted.org/packages/28/23/9ac462b19e296a426e7b3fecc2ce65cf3c2db6d405653a96a0a978e1ae44/selectolax-0.4.9-cp313-cp313-win_amd64.whl", hash = "sha256:35097ce93a954a95ac82d930758cfc32c03421c0f173de7185e6381fbd00be28", size = 1861512, upload-time = "2026-05-15T08:58:23.792Z" },
    { url = "https://files.pythonhosted.org/packages/b9/f9/cda79bdea85a231cc1c9aafb0c21fda0d56b056b67b1e571c26a5c39f832/selectolax-0.4.9-cp313-cp313-win_arm64.whl", hash = "sha256:bca470e8f6bf6b4b41f841e87fcc729c9c2fbed20850ef4bb1b7b9055c1f8a55", size = 1809709, upload-time = "2026-05-15T08:58:25.623Z" },
    { url = "https://files.pythonhosted.org/packages/14/c7/fe04c5466577bd23433f5ea8de16a3e1aa273b547616a6141591641c109c/selectolax-0.4.9-cp314-cp314-macosx_10_13_x86_64.whl", hash = "sha256:b65f589b8e613089e77b6f735d956f6690021c66acaba0973df0e59b7fb6ab22", size = 2256543, upload-time = "2026-05-15T08:58:27.333Z" },
    { url = "https://files.pythonhosted.org/packages/53/aa/95211bc61a84d2f42678791654bde6a3526520f423c1450b735ef54bcf8d/selectolax-0.4.9-cp314-cp314-macosx_11_0_arm64.whl", hash = "sha256:e1a2a70a02960efc7112a99b81031fb60bca557e62f99806dd3a6354e6c888e3", size = 2308274, upload-time = "2026-05-15T08:58:28.961Z" },
    { url = "https://files.pythonhosted.org/packages/57/c7/f1c63a427346f27ca9a94c63f5f6f83a0130e011f7d6e0bd44a9e073cb31/selectolax-0.4.9-cp314-cp314-manylinux2014_aarch64.manylinux_2_17_aarch64.manylinux_2_28_aarch64.whl", hash = "sha256:85c463dbd4f1a5b9a1219ea7895ed3307231cb4edcf46e60de99dde93d9dc65b", size = 2373791, upload-time = "2026-05-15T08:58:30.462Z" },
    { url = "https://files.pythonhosted.org/packages/d3/e5/a86685d5bf6ae5d8d1068247aae9a64e5b455b2ffe0d7178d1d780fbcbf3/selectolax-0.4.9-cp314-cp314-manylinux2014_x86_64.manylinux_2_17_x86_64.manylinux_2_28_x86_64.whl", hash = "sha256:432dca308603fcb39600fcbf9e02d8917596fde2d7b0fd752d437953bbb83ff0", size = 2419455, upload-time = "2026-05-15T08:58:32.07Z" },
    { url = "https://files.pythonhosted.org/packages/3b/01/14b5a9a425438d8a40c97b08d3221dd2315470ac6edf586abe1c49f3f8b0/selectolax-0.4.9-cp314-cp314-musllinux_1_2_aarch64.whl", hash = "sha256:25da6d4afec67efcb5b9f228a7f318163e65bc7f4956448cfc994b45894a062f", size = 2394963, upload-time = "2026-05-15T08:58:33.748Z" },
    { url = "https://files.pythonhosted.org/packages/90/f2/6b0b7434b850415adbe050e82d20a6f119dd05c912022a9964b4db47b880/selectolax-0.4.9-cp314-cp314-musllinux_1_2_x86_64.whl", hash = "sha256:718872445d44b58b0e6bc029993ac79396b5588b13d0c12c8b585f5a1a490c2d", size = 2458094, upload-time = "2026-05-15T08:58:35.553Z" },
    { url = "https://files.pythonhosted.org/packages/53/0d/3b36c76e478deb6fdc7deb105e99e68a7eecef716611a3ef6776472e3057/selectolax-0.4.9-cp314-cp314-win32.whl", hash = "sha256:2affc47bbe2faff46410ce4edd82e9e6fe6a7ac7a84b4e572c1b22fc2fb1832f", size = 1874907, upload-time = "2026-05-15T08:58:37.162Z" },
    { url = "https://files.pythonhosted.org/packages/f7/8c/d140ed3bb7ab6254628e8078c6c7f42d6f857436548c5a1851d6d8e1ccf1/selectolax-0.4.9-cp314-cp314-win_amd64.whl", hash = "sha256:0077fe3d5324a345839c8c9da7ac41b577e13a08266b4a24e7c25e16fb2b6229", size = 1969835, upload-time = "2026-05-15T08:58:39.017Z" },
    { url = "https://files.pythonhosted.org/packages/23/f6/97f68770f73b9d65b3584e12d588fda3e4ee86dcfdcbfb05de7c4c6ccf0c/selectolax-0.4.9-cp314-cp314-win_arm64.whl", hash = "sha256:f214d7c10112c818506e2aa72b309acee76e23b6ff677e91e5fd12fb60176abd", size = 1920477, upload-time = "2026-05-15T08:58:40.982Z" },
    { url = "https://files.pythonhosted.org/packages/17/38/e0f0bdacc94dc868e4f7b542f459a34bb71330b1351cfe177cfa749abfee/selectolax-0.4.9-cp314-cp314t-macosx_10_13_x86_64.whl", hash = "sha256:fb3eef8d522534b59498e2aff67d30b879ffb70961406fc6359336d846409f24", size = 2271971, upload-time = "2026-05-15T08:58:43.055Z" },
    { url = "https://files.pythonhosted.org/packages/99/b0/6fd60519f100051e58f83c604452c997b0ce4e25c279405bdd80ba1c8ef9/selectolax-0.4.9-cp314-cp314t-macosx_11_0_arm64.whl", hash = "sha256:dd270f3c008eddd9b93d6875b05fda569b9943e94b5c918ce5d06123330d35ec", size = 2317744, upload-time = "2026-05-15T08:58:44.521Z" },
    { url = "https://files.pythonhosted.org/packages/f1/5e/f95857eab0a0e213f46eec42ae74cfe939b8aae507e23af3fa17e111ba0a/selectolax-0.4.9-cp314-cp314t-manylinux2014_aarch64.manylinux_2_17_aarch64.manylinux_2_28_aarch64.whl", hash = "sha256:0fe69c7d4a510574746fae68d00016d4ff10cffdba845dfa2a40296534390a91", size = 2378938, upload-time = "2026-05-15T08:58:45.975Z" },
    { url = "https://files.pythonhosted.org/packages/20/aa/92f66653993e9b2006dc37c202dbfa0e49803266dead36301461957e6345/selectolax-0.4.9-cp314-cp314t-manylinux2014_x86_64.manylinux_2_17_x86_64.manylinux_2_28_x86_64.whl", hash = "sha256:8720dce153464c1d8172160a2dd96e97dfae0a64534aa2b54eafbe8371ba85b1", size = 2429671, upload-time = "2026-05-15T08:58:47.63Z" },
    { url = "https://files.pythonhosted.org/packages/2a/f2/4d0e8a5b875ca822121a4f3cba66a652379903e2cff1beaace48fa7004db/selectolax-0.4.9-cp314-cp314t-musllinux_1_2_aarch64.whl", hash = "sha256:44d07709c7ddc49702af5661d717aaeab469121328ce1131e182bbe98020c504", size = 2404125, upload-time = "2026-05-15T08:58:49.065Z" },
    { url = "https://files.pythonhosted.org/packages/16/4e/99b4962e5a4171c32ae6747a8d84d5d549a85e9cc48a1f8200e35415acec/selectolax-0.4.9-cp314-cp314t-musllinux_1_2_x86_64.whl", hash = "sha256:919fbb7ba30e9e172913e029e453be68215122bbb3e7e8cedf524e525c24556b", size = 2466287, upload-time = "2026-05-15T08:58:50.889Z" },
    { url = "https://files.pythonhosted.org/packages/71/f4/8a764ebfd95bc1c30d542f32d8eda19e78baa07e2de8f6c355b11de6ee56/selectolax-0.4.9-cp314-cp314t-win32.whl", hash = "sha256:596513c191ec4771357abc21160414e2a0054f064ba543e33e1a7ebd35c96ea6", size = 1923506, upload-time = "2026-05-15T08:58:52.528Z" },
    { url = "https://files.pythonhosted.org/packages/d8/7c/aa021b3ed7c9fce5f16e0a0b4c8897e7970772ba8688754e5813214017d1/selectolax-0.4.9-cp314-cp314t-win_amd64.whl", hash = "sha256:008206609f542cbad133570330e51cb4bb666d532b05111914072673de60f33a", size = 2038829, upload-time = "2026-05-15T08:58:53.904Z" },
    { url = "https://files.pythonhosted.org/packages/c2/d7/525f6a3560d13199d65f1c9f1816ad307d4ed2e1ad05daba08e024fc5364/selectolax-0.4.9-cp314-cp314t-win_arm64.whl", hash = "sha256:7ab014959dcf68a0be71484dc87b8d4002756c979836d1d873ba81302b6bffe0", size = 1943672, upload-time = "2026-05-15T08:58:55.808Z" },
]

[[package]]
name = "typing-extensions"
version = "4.15.0"
source = { registry = "https://pypi.org/simple" }
sdist = { url = "https://files.pythonhosted.org/packages/72/94/1a15dd82efb362ac84269196e94cf00f187f7ed21c242792a923cdb1c61f/typing_extensions-4.15.0.tar.gz", hash = "sha256:0cea48d173cc12fa28ecabc3b837ea3cf6f38c6d1136f85cbaaf598984861466", size = 109391, upload-time = "2025-08-25T13:49:26.313Z" }
wheels = [
    { url = "https://files.pythonhosted.org/packages/18/67/36e9267722cc04a6b9f15c7f3441c2363321a3ea07da7ae0c0707beb2a9c/typing_extensions-4.15.0-py3-none-any.whl", hash = "sha256:f0fa19c6845758ab08074a0cfa8b7aecb71c999ca73d62883bc25cc018c4e548", size = 44614, upload-time = "2025-08-25T13:49:24.86Z" },
]
